{
  "name": "example",
  "lockfileVersion": 2,
  "requires": true,
  "packages": {
    "": {
      "devDependencies": {
        "stencil-solid-output-target": "file:.."
      }
    },
    "..": {
      "version": "0.1.2",
      "dev": true,
      "license": "MIT",
      "dependencies": {
        "glob": "^10.3.3",
        "hyper-dom-expressions": "^0.33.13"
      },
      "devDependencies": {
        "@types/jest": "^28.1.4",
        "@types/node": "^18.0.3",
        "estree-walker": "^2.0.1",
        "jest": "^28.1.2",
        "solid-js": "^1.4.7",
        "typescript": "^4.7.4",
        "unbuild": "^1.2.1"
      },
      "peerDependencies": {
        "@stencil/core": "^2.9.0"
      }
    },
    "node_modules/stencil-solid-output-target": {
      "resolved": "..",
      "link": true
    }
  },
  "dependencies": {
    "stencil-solid-output-target": {
      "version": "file:..",
      "requires": {
        "@types/jest": "^28.1.4",
        "@types/node": "^18.0.3",
        "estree-walker": "^2.0.1",
        "glob": "^10.3.3",
        "hyper-dom-expressions": "^0.33.13",
        "jest": "^28.1.2",
        "solid-js": "^1.4.7",
        "typescript": "^4.7.4",
        "unbuild": "^1.2.1"
      }
    }
  }
}
